
Microsoft Visual Studio Solution File, Format Version 12.00
# Visual Studio Version 17
VisualStudioVersion = 17.13.35931.197 d17.13
MinimumVisualStudioVersion = 10.0.40219.1
Project("{FAE04EC0-301F-11D3-BF4B-00C04F79EFBC}") = "Practice", "Practice\Practice.csproj", "{912754E0-EB18-4F26-BCE3-44E0224217CA}"
EndProject
Global
	GlobalSection(SolutionConfigurationPlatforms) = preSolution
		Debug|Any CPU = Debug|Any CPU
		Release|Any CPU = Release|Any CPU
	EndGlobalSection
	GlobalSection(ProjectConfigurationPlatforms) = postSolution
		{912754E0-EB18-4F26-BCE3-44E0224217CA}.Debug|Any CPU.ActiveCfg = Debug|Any CPU
		{912754E0-EB18-4F26-BCE3-44E0224217CA}.Debug|Any CPU.Build.0 = Debug|Any CPU
		{912754E0-EB18-4F26-BCE3-44E0224217CA}.Release|Any CPU.ActiveCfg = Release|Any CPU
		{912754E0-EB18-4F26-BCE3-44E0224217CA}.Release|Any CPU.Build.0 = Release|Any CPU
	EndGlobalSection
	GlobalSection(SolutionProperties) = preSolution
		HideSolutionNode = FALSE
	EndGlobalSection
	GlobalSection(ExtensibilityGlobals) = postSolution
		SolutionGuid = {514AE6D6-D1B6-4173-90A4-B9756D10D2D3}
	EndGlobalSection
EndGlobal
